// !$*UTF8*$!
{
	archiveVersion = 1;
	classes = {
	};
	objectVersion = 56;
	objects = {

/* Begin PBXBuildFile section */
		A1511ADD2C37EC530069DF73 /* SwiftUIStudyFiveApp.swift in Sources */ = {isa = PBXBuildFile; fileRef = A1511ADC2C37EC530069DF73 /* SwiftUIStudyFiveApp.swift */; };
		A1511ADF2C37EC530069DF73 /* ContentView.swift in Sources */ = {isa = PBXBuildFile; fileRef = A1511ADE2C37EC530069DF73 /* ContentView.swift */; };
		A1511AE12C37EC550069DF73 /* Assets.xcassets in Resources */ = {isa = PBXBuildFile; fileRef = A1511AE02C37EC550069DF73 /* Assets.xcassets */; };
		A1511AE42C37EC550069DF73 /* Preview Assets.xcassets in Resources */ = {isa = PBXBuildFile; fileRef = A1511AE32C37EC550069DF73 /* Preview Assets.xcassets */; };
		A1511AEE2C37EC560069DF73 /* SwiftUIStudyFiveTests.swift in Sources */ = {isa = PBXBuildFile; fileRef = A1511AED2C37EC560069DF73 /* SwiftUIStudyFiveTests.swift */; };
		A1511AF82C37EC560069DF73 /* SwiftUIStudyFiveUITests.swift in Sources */ = {isa = PBXBuildFile; fileRef = A1511AF72C37EC560069DF73 /* SwiftUIStudyFiveUITests.swift */; };
		A1511AFA2C37EC560069DF73 /* SwiftUIStudyFiveUITestsLaunchTests.swift in Sources */ = {isa = PBXBuildFile; fileRef = A1511AF92C37EC560069DF73 /* SwiftUIStudyFiveUITestsLaunchTests.swift */; };
/* End PBXBuildFile section */

/* Begin PBXContainerItemProxy section */
		A1511AEA2C37EC560069DF73 /* PBXContainerItemProxy */ = {
			isa = PBXContainerItemProxy;
			containerPortal = A1511AD12C37EC530069DF73 /* Project object */;
			proxyType = 1;
			remoteGlobalIDString = A1511AD82C37EC530069DF73;
			remoteInfo = SwiftUIStudyFive;
		};
		A1511AF42C37EC560069DF73 /* PBXContainerItemProxy */ = {
			isa = PBXContainerItemProxy;
			containerPortal = A1511AD12C37EC530069DF73 /* Project object */;
			proxyType = 1;
			remoteGlobalIDString = A1511AD82C37EC530069DF73;
			remoteInfo = SwiftUIStudyFive;
		};
/* End PBXContainerItemProxy section */

/* Begin PBXFileReference section */
		A1511AD92C37EC530069DF73 /* SwiftUIStudyFive.app */ = {isa = PBXFileReference; explicitFileType = wrapper.application; includeInIndex = 0; path = SwiftUIStudyFive.app; sourceTree = BUILT_PRODUCTS_DIR; };
		A1511ADC2C37EC530069DF73 /* SwiftUIStudyFiveApp.swift */ = {isa = PBXFileReference; lastKnownFileType = sourcecode.swift; path = SwiftUIStudyFiveApp.swift; sourceTree = "<group>"; };
		A1511ADE2C37EC530069DF73 /* ContentView.swift */ = {isa = PBXFileReference; lastKnownFileType = sourcecode.swift; path = ContentView.swift; sourceTree = "<group>"; };
		A1511AE02C37EC550069DF73 /* Assets.xcassets */ = {isa = PBXFileReference; lastKnownFileType = folder.assetcatalog; path = Assets.xcassets; sourceTree = "<group>"; };
		A1511AE32C37EC550069DF73 /* Preview Assets.xcassets */ = {isa = PBXFileReference; lastKnownFileType = folder.assetcatalog; path = "Preview Assets.xcassets"; sourceTree = "<group>"; };
		A1511AE92C37EC560069DF73 /* SwiftUIStudyFiveTests.xctest */ = {isa = PBXFileReference; explicitFileType = wrapper.cfbundle; includeInIndex = 0; path = SwiftUIStudyFiveTests.xctest; sourceTree = BUILT_PRODUCTS_DIR; };
		A1511AED2C37EC560069DF73 /* SwiftUIStudyFiveTests.swift */ = {isa = PBXFileReference; lastKnownFileType = sourcecode.swift; path = SwiftUIStudyFiveTests.swift; sourceTree = "<group>"; };
		A1511AF32C37EC560069DF73 /* SwiftUIStudyFiveUITests.xctest */ = {isa = PBXFileReference; explicitFileType = wrapper.cfbundle; includeInIndex = 0; path = SwiftUIStudyFiveUITests.xctest; sourceTree = BUILT_PRODUCTS_DIR; };
		A1511AF72C37EC560069DF73 /* SwiftUIStudyFiveUITests.swift */ = {isa = PBXFileReference; lastKnownFileType = sourcecode.swift; path = SwiftUIStudyFiveUITests.swift; sourceTree = "<group>"; };
		A1511AF92C37EC560069DF73 /* SwiftUIStudyFiveUITestsLaunchTests.swift */ = {isa = PBXFileReference; lastKnownFileType = sourcecode.swift; path = SwiftUIStudyFiveUITestsLaunchTests.swift; sourceTree = "<group>"; };
/* End PBXFileReference section */

/* Begin PBXFrameworksBuildPhase section */
		A1511AD62C37EC530069DF73 /* Frameworks */ = {
			isa = PBXFrameworksBuildPhase;
			buildActionMask = 2147483647;
			files = (
			);
			runOnlyForDeploymentPostprocessing = 0;
		};
		A1511AE62C37EC560069DF73 /* Frameworks */ = {
			isa = PBXFrameworksBuildPhase;
			buildActionMask = 2147483647;
			files = (
			);
			runOnlyForDeploymentPostprocessing = 0;
		};
		A1511AF02C37EC560069DF73 /* Frameworks */ = {
			isa = PBXFrameworksBuildPhase;
			buildActionMask = 2147483647;
			files = (
			);
			runOnlyForDeploymentPostprocessing = 0;
		};
/* End PBXFrameworksBuildPhase section */

/* Begin PBXGroup section */
		A1511AD02C37EC530069DF73 = {
			isa = PBXGroup;
			children = (
				A1511ADB2C37EC530069DF73 /* SwiftUIStudyFive */,
				A1511AEC2C37EC560069DF73 /* SwiftUIStudyFiveTests */,
				A1511AF62C37EC560069DF73 /* SwiftUIStudyFiveUITests */,
				A1511ADA2C37EC530069DF73 /* Products */,
			);
			sourceTree = "<group>";
		};
		A1511ADA2C37EC530069DF73 /* Products */ = {
			isa = PBXGroup;
			children = (
				A1511AD92C37EC530069DF73 /* SwiftUIStudyFive.app */,
				A1511AE92C37EC560069DF73 /* SwiftUIStudyFiveTests.xctest */,
				A1511AF32C37EC560069DF73 /* SwiftUIStudyFiveUITests.xctest */,
			);
			name = Products;
			sourceTree = "<group>";
		};
		A1511ADB2C37EC530069DF73 /* SwiftUIStudyFive */ = {
			isa = PBXGroup;
			children = (
				A1511B062C37ED4A0069DF73 /* 51UnevenRoundedRect */,
				A1511ADC2C37EC530069DF73 /* SwiftUIStudyFiveApp.swift */,
				A1511AE02C37EC550069DF73 /* Assets.xcassets */,
				A1511AE22C37EC550069DF73 /* Preview Content */,
			);
			path = SwiftUIStudyFive;
			sourceTree = "<group>";
		};
		A1511AE22C37EC550069DF73 /* Preview Content */ = {
			isa = PBXGroup;
			children = (
				A1511AE32C37EC550069DF73 /* Preview Assets.xcassets */,
			);
			path = "Preview Content";
			sourceTree = "<group>";
		};
		A1511AEC2C37EC560069DF73 /* SwiftUIStudyFiveTests */ = {
			isa = PBXGroup;
			children = (
				A1511AED2C37EC560069DF73 /* SwiftUIStudyFiveTests.swift */,
			);
			path = SwiftUIStudyFiveTests;
			sourceTree = "<group>";
		};
		A1511AF62C37EC560069DF73 /* SwiftUIStudyFiveUITests */ = {
			isa = PBXGroup;
			children = (
				A1511AF72C37EC560069DF73 /* SwiftUIStudyFiveUITests.swift */,
				A1511AF92C37EC560069DF73 /* SwiftUIStudyFiveUITestsLaunchTests.swift */,
			);
			path = SwiftUIStudyFiveUITests;
			sourceTree = "<group>";
		};
		A1511B062C37ED4A0069DF73 /* 51UnevenRoundedRect */ = {
			isa = PBXGroup;
			children = (
				A1511ADE2C37EC530069DF73 /* ContentView.swift */,
			);
			path = 51UnevenRoundedRect;
			sourceTree = "<group>";
		};
/* End PBXGroup section */

/* Begin PBXNativeTarget section */
		A1511AD82C37EC530069DF73 /* SwiftUIStudyFive */ = {
			isa = PBXNativeTarget;
			buildConfigurationList = A1511AFD2C37EC560069DF73 /* Build configuration list for PBXNativeTarget "SwiftUIStudyFive" */;
			buildPhases = (
				A1511AD52C37EC530069DF73 /* Sources */,
				A1511AD62C37EC530069DF73 /* Frameworks */,
				A1511AD72C37EC530069DF73 /* Resources */,
			);
			buildRules = (
			);
			dependencies = (
			);
			name = SwiftUIStudyFive;
			productName = SwiftUIStudyFive;
			productReference = A1511AD92C37EC530069DF73 /* SwiftUIStudyFive.app */;
			productType = "com.apple.product-type.application";
		};
		A1511AE82C37EC560069DF73 /* SwiftUIStudyFiveTests */ = {
			isa = PBXNativeTarget;
			buildConfigurationList = A1511B002C37EC560069DF73 /* Build configuration list for PBXNativeTarget "SwiftUIStudyFiveTests" */;
			buildPhases = (
				A1511AE52C37EC560069DF73 /* Sources */,
				A1511AE62C37EC560069DF73 /* Frameworks */,
				A1511AE72C37EC560069DF73 /* Resources */,
			);
			buildRules = (
			);
			dependencies = (
				A1511AEB2C37EC560069DF73 /* PBXTargetDependency */,
			);
			name = SwiftUIStudyFiveTests;
			productName = SwiftUIStudyFiveTests;
			productReference = A1511AE92C37EC560069DF73 /* SwiftUIStudyFiveTests.xctest */;
			productType = "com.apple.product-type.bundle.unit-test";
		};
		A1511AF22C37EC560069DF73 /* SwiftUIStudyFiveUITests */ = {
			isa = PBXNativeTarget;
			buildConfigurationList = A1511B032C37EC560069DF73 /* Build configuration list for PBXNativeTarget "SwiftUIStudyFiveUITests" */;
			buildPhases = (
				A1511AEF2C37EC560069DF73 /* Sources */,
				A1511AF02C37EC560069DF73 /* Frameworks */,
				A1511AF12C37EC560069DF73 /* Resources */,
			);
			buildRules = (
			);
			dependencies = (
				A1511AF52C37EC560069DF73 /* PBXTargetDependency */,
			);
			name = SwiftUIStudyFiveUITests;
			productName = SwiftUIStudyFiveUITests;
			productReference = A1511AF32C37EC560069DF73 /* SwiftUIStudyFiveUITests.xctest */;
			productType = "com.apple.product-type.bundle.ui-testing";
		};
/* End PBXNativeTarget section */

/* Begin PBXProject section */
		A1511AD12C37EC530069DF73 /* Project object */ = {
			isa = PBXProject;
			attributes = {
				BuildIndependentTargetsInParallel = 1;
				LastSwiftUpdateCheck = 1420;
				LastUpgradeCheck = 1420;
				TargetAttributes = {
					A1511AD82C37EC530069DF73 = {
						CreatedOnToolsVersion = 14.2;
					};
					A1511AE82C37EC560069DF73 = {
						CreatedOnToolsVersion = 14.2;
						TestTargetID = A1511AD82C37EC530069DF73;
					};
					A1511AF22C37EC560069DF73 = {
						CreatedOnToolsVersion = 14.2;
						TestTargetID = A1511AD82C37EC530069DF73;
					};
				};
			};
			buildConfigurationList = A1511AD42C37EC530069DF73 /* Build configuration list for PBXProject "SwiftUIStudyFive" */;
			compatibilityVersion = "Xcode 14.0";
			developmentRegion = en;
			hasScannedForEncodings = 0;
			knownRegions = (
				en,
				Base,
			);
			mainGroup = A1511AD02C37EC530069DF73;
			productRefGroup = A1511ADA2C37EC530069DF73 /* Products */;
			projectDirPath = "";
			projectRoot = "";
			targets = (
				A1511AD82C37EC530069DF73 /* SwiftUIStudyFive */,
				A1511AE82C37EC560069DF73 /* SwiftUIStudyFiveTests */,
				A1511AF22C37EC560069DF73 /* SwiftUIStudyFiveUITests */,
			);
		};
/* End PBXProject section */

/* Begin PBXResourcesBuildPhase section */
		A1511AD72C37EC530069DF73 /* Resources */ = {
			isa = PBXResourcesBuildPhase;
			buildActionMask = 2147483647;
			files = (
				A1511AE42C37EC550069DF73 /* Preview Assets.xcassets in Resources */,
				A1511AE12C37EC550069DF73 /* Assets.xcassets in Resources */,
			);
			runOnlyForDeploymentPostprocessing = 0;
		};
		A1511AE72C37EC560069DF73 /* Resources */ = {
			isa = PBXResourcesBuildPhase;
			buildActionMask = 2147483647;
			files = (
			);
			runOnlyForDeploymentPostprocessing = 0;
		};
		A1511AF12C37EC560069DF73 /* Resources */ = {
			isa = PBXResourcesBuildPhase;
			buildActionMask = 2147483647;
			files = (
			);
			runOnlyForDeploymentPostprocessing = 0;
		};
/* End PBXResourcesBuildPhase section */

/* Begin PBXSourcesBuildPhase section */
		A1511AD52C37EC530069DF73 /* Sources */ = {
			isa = PBXSourcesBuildPhase;
			buildActionMask = 2147483647;
			files = (
				A1511ADF2C37EC530069DF73 /* ContentView.swift in Sources */,
				A1511ADD2C37EC530069DF73 /* SwiftUIStudyFiveApp.swift in Sources */,
			);
			runOnlyForDeploymentPostprocessing = 0;
		};
		A1511AE52C37EC560069DF73 /* Sources */ = {
			isa = PBXSourcesBuildPhase;
			buildActionMask = 2147483647;
			files = (
				A1511AEE2C37EC560069DF73 /* SwiftUIStudyFiveTests.swift in Sources */,
			);
			runOnlyForDeploymentPostprocessing = 0;
		};
		A1511AEF2C37EC560069DF73 /* Sources */ = {
			isa = PBXSourcesBuildPhase;
			buildActionMask = 2147483647;
			files = (
				A1511AFA2C37EC560069DF73 /* SwiftUIStudyFiveUITestsLaunchTests.swift in Sources */,
				A1511AF82C37EC560069DF73 /* SwiftUIStudyFiveUITests.swift in Sources */,
			);
			runOnlyForDeploymentPostprocessing = 0;
		};
/* End PBXSourcesBuildPhase section */

/* Begin PBXTargetDependency section */
		A1511AEB2C37EC560069DF73 /* PBXTargetDependency */ = {
			isa = PBXTargetDependency;
			target = A1511AD82C37EC530069DF73 /* SwiftUIStudyFive */;
			targetProxy = A1511AEA2C37EC560069DF73 /* PBXContainerItemProxy */;
		};
		A1511AF52C37EC560069DF73 /* PBXTargetDependency */ = {
			isa = PBXTargetDependency;
			target = A1511AD82C37EC530069DF73 /* SwiftUIStudyFive */;
			targetProxy = A1511AF42C37EC560069DF73 /* PBXContainerItemProxy */;
		};
/* End PBXTargetDependency section */

/* Begin XCBuildConfiguration section */
		A1511AFB2C37EC560069DF73 /* Debug */ = {
			isa = XCBuildConfiguration;
			buildSettings = {
				ALWAYS_SEARCH_USER_PATHS = NO;
				CLANG_ANALYZER_NONNULL = YES;
				CLANG_ANALYZER_NUMBER_OBJECT_CONVERSION = YES_AGGRESSIVE;
				CLANG_CXX_LANGUAGE_STANDARD = "gnu++20";
				CLANG_ENABLE_MODULES = YES;
				CLANG_ENABLE_OBJC_ARC = YES;
				CLANG_ENABLE_OBJC_WEAK = YES;
				CLANG_WARN_BLOCK_CAPTURE_AUTORELEASING = YES;
				CLANG_WARN_BOOL_CONVERSION = YES;
				CLANG_WARN_COMMA = YES;
				CLANG_WARN_CONSTANT_CONVERSION = YES;
				CLANG_WARN_DEPRECATED_OBJC_IMPLEMENTATIONS = YES;
				CLANG_WARN_DIRECT_OBJC_ISA_USAGE = YES_ERROR;
				CLANG_WARN_DOCUMENTATION_COMMENTS = YES;
				CLANG_WARN_EMPTY_BODY = YES;
				CLANG_WARN_ENUM_CONVERSION = YES;
				CLANG_WARN_INFINITE_RECURSION = YES;
				CLANG_WARN_INT_CONVERSION = YES;
				CLANG_WARN_NON_LITERAL_NULL_CONVERSION = YES;
				CLANG_WARN_OBJC_IMPLICIT_RETAIN_SELF = YES;
				CLANG_WARN_OBJC_LITERAL_CONVERSION = YES;
				CLANG_WARN_OBJC_ROOT_CLASS = YES_ERROR;
				CLANG_WARN_QUOTED_INCLUDE_IN_FRAMEWORK_HEADER = YES;
				CLANG_WARN_RANGE_LOOP_ANALYSIS = YES;
				CLANG_WARN_STRICT_PROTOTYPES = YES;
				CLANG_WARN_SUSPICIOUS_MOVE = YES;
				CLANG_WARN_UNGUARDED_AVAILABILITY = YES_AGGRESSIVE;
				CLANG_WARN_UNREACHABLE_CODE = YES;
				CLANG_WARN__DUPLICATE_METHOD_MATCH = YES;
				COPY_PHASE_STRIP = NO;
				DEBUG_INFORMATION_FORMAT = dwarf;
				ENABLE_STRICT_OBJC_MSGSEND = YES;
				ENABLE_TESTABILITY = YES;
				GCC_C_LANGUAGE_STANDARD = gnu11;
				GCC_DYNAMIC_NO_PIC = NO;
				GCC_NO_COMMON_BLOCKS = YES;
				GCC_OPTIMIZATION_LEVEL = 0;
				GCC_PREPROCESSOR_DEFINITIONS = (
					"DEBUG=1",
					"$(inherited)",
				);
				GCC_WARN_64_TO_32_BIT_CONVERSION = YES;
				GCC_WARN_ABOUT_RETURN_TYPE = YES_ERROR;
				GCC_WARN_UNDECLARED_SELECTOR = YES;
				GCC_WARN_UNINITIALIZED_AUTOS = YES_AGGRESSIVE;
				GCC_WARN_UNUSED_FUNCTION = YES;
				GCC_WARN_UNUSED_VARIABLE = YES;
				IPHONEOS_DEPLOYMENT_TARGET = 16.2;
				MTL_ENABLE_DEBUG_INFO = INCLUDE_SOURCE;
				MTL_FAST_MATH = YES;
				ONLY_ACTIVE_ARCH = YES;
				SDKROOT = iphoneos;
				SWIFT_ACTIVE_COMPILATION_CONDITIONS = DEBUG;
				SWIFT_OPTIMIZATION_LEVEL = "-Onone";
			};
			name = Debug;
		};
		A1511AFC2C37EC560069DF73 /* Release */ = {
			isa = XCBuildConfiguration;
			buildSettings = {
				ALWAYS_SEARCH_USER_PATHS = NO;
				CLANG_ANALYZER_NONNULL = YES;
				CLANG_ANALYZER_NUMBER_OBJECT_CONVERSION = YES_AGGRESSIVE;
				CLANG_CXX_LANGUAGE_STANDARD = "gnu++20";
				CLANG_ENABLE_MODULES = YES;
				CLANG_ENABLE_OBJC_ARC = YES;
				CLANG_ENABLE_OBJC_WEAK = YES;
				CLANG_WARN_BLOCK_CAPTURE_AUTORELEASING = YES;
				CLANG_WARN_BOOL_CONVERSION = YES;
				CLANG_WARN_COMMA = YES;
				CLANG_WARN_CONSTANT_CONVERSION = YES;
				CLANG_WARN_DEPRECATED_OBJC_IMPLEMENTATIONS = YES;
				CLANG_WARN_DIRECT_OBJC_ISA_USAGE = YES_ERROR;
				CLANG_WARN_DOCUMENTATION_COMMENTS = YES;
				CLANG_WARN_EMPTY_BODY = YES;
				CLANG_WARN_ENUM_CONVERSION = YES;
				CLANG_WARN_INFINITE_RECURSION = YES;
				CLANG_WARN_INT_CONVERSION = YES;
				CLANG_WARN_NON_LITERAL_NULL_CONVERSION = YES;
				CLANG_WARN_OBJC_IMPLICIT_RETAIN_SELF = YES;
				CLANG_WARN_OBJC_LITERAL_CONVERSION = YES;
				CLANG_WARN_OBJC_ROOT_CLASS = YES_ERROR;
				CLANG_WARN_QUOTED_INCLUDE_IN_FRAMEWORK_HEADER = YES;
				CLANG_WARN_RANGE_LOOP_ANALYSIS = YES;
				CLANG_WARN_STRICT_PROTOTYPES = YES;
				CLANG_WARN_SUSPICIOUS_MOVE = YES;
				CLANG_WARN_UNGUARDED_AVAILABILITY = YES_AGGRESSIVE;
				CLANG_WARN_UNREACHABLE_CODE = YES;
				CLANG_WARN__DUPLICATE_METHOD_MATCH = YES;
				COPY_PHASE_STRIP = NO;
				DEBUG_INFORMATION_FORMAT = "dwarf-with-dsym";
				ENABLE_NS_ASSERTIONS = NO;
				ENABLE_STRICT_OBJC_MSGSEND = YES;
				GCC_C_LANGUAGE_STANDARD = gnu11;
				GCC_NO_COMMON_BLOCKS = YES;
				GCC_WARN_64_TO_32_BIT_CONVERSION = YES;
				GCC_WARN_ABOUT_RETURN_TYPE = YES_ERROR;
				GCC_WARN_UNDECLARED_SELECTOR = YES;
				GCC_WARN_UNINITIALIZED_AUTOS = YES_AGGRESSIVE;
				GCC_WARN_UNUSED_FUNCTION = YES;
				GCC_WARN_UNUSED_VARIABLE = YES;
				IPHONEOS_DEPLOYMENT_TARGET = 16.2;
				MTL_ENABLE_DEBUG_INFO = NO;
				MTL_FAST_MATH = YES;
				SDKROOT = iphoneos;
				SWIFT_COMPILATION_MODE = wholemodule;
				SWIFT_OPTIMIZATION_LEVEL = "-O";
				VALIDATE_PRODUCT = YES;
			};
			name = Release;
		};
		A1511AFE2C37EC560069DF73 /* Debug */ = {
			isa = XCBuildConfiguration;
			buildSettings = {
				ASSETCATALOG_COMPILER_APPICON_NAME = AppIcon;
				ASSETCATALOG_COMPILER_GLOBAL_ACCENT_COLOR_NAME = AccentColor;
				CODE_SIGN_STYLE = Automatic;
				CURRENT_PROJECT_VERSION = 1;
				DEVELOPMENT_ASSET_PATHS = "\"SwiftUIStudyFive/Preview Content\"";
				ENABLE_PREVIEWS = YES;
				GENERATE_INFOPLIST_FILE = YES;
				INFOPLIST_KEY_UIApplicationSceneManifest_Generation = YES;
				INFOPLIST_KEY_UIApplicationSupportsIndirectInputEvents = YES;
				INFOPLIST_KEY_UILaunchScreen_Generation = YES;
				INFOPLIST_KEY_UISupportedInterfaceOrientations_iPad = "UIInterfaceOrientationPortrait UIInterfaceOrientationPortraitUpsideDown UIInterfaceOrientationLandscapeLeft UIInterfaceOrientationLandscapeRight";
				INFOPLIST_KEY_UISupportedInterfaceOrientations_iPhone = "UIInterfaceOrientationPortrait UIInterfaceOrientationLandscapeLeft UIInterfaceOrientationLandscapeRight";
				LD_RUNPATH_SEARCH_PATHS = (
					"$(inherited)",
					"@executable_path/Frameworks",
				);
				MARKETING_VERSION = 1.0;
				PRODUCT_BUNDLE_IDENTIFIER = com.soft.andy.SwiftUIStudyFive;
				PRODUCT_NAME = "$(TARGET_NAME)";
				SWIFT_EMIT_LOC_STRINGS = YES;
				SWIFT_VERSION = 5.0;
				TARGETED_DEVICE_FAMILY = "1,2";
			};
			name = Debug;
		};
		A1511AFF2C37EC560069DF73 /* Release */ = {
			isa = XCBuildConfiguration;
			buildSettings = {
				ASSETCATALOG_COMPILER_APPICON_NAME = AppIcon;
				ASSETCATALOG_COMPILER_GLOBAL_ACCENT_COLOR_NAME = AccentColor;
				CODE_SIGN_STYLE = Automatic;
				CURRENT_PROJECT_VERSION = 1;
				DEVELOPMENT_ASSET_PATHS = "\"SwiftUIStudyFive/Preview Content\"";
				ENABLE_PREVIEWS = YES;
				GENERATE_INFOPLIST_FILE = YES;
				INFOPLIST_KEY_UIApplicationSceneManifest_Generation = YES;
				INFOPLIST_KEY_UIApplicationSupportsIndirectInputEvents = YES;
				INFOPLIST_KEY_UILaunchScreen_Generation = YES;
				INFOPLIST_KEY_UISupportedInterfaceOrientations_iPad = "UIInterfaceOrientationPortrait UIInterfaceOrientationPortraitUpsideDown UIInterfaceOrientationLandscapeLeft UIInterfaceOrientationLandscapeRight";
				INFOPLIST_KEY_UISupportedInterfaceOrientations_iPhone = "UIInterfaceOrientationPortrait UIInterfaceOrientationLandscapeLeft UIInterfaceOrientationLandscapeRight";
				LD_RUNPATH_SEARCH_PATHS = (
					"$(inherited)",
					"@executable_path/Frameworks",
				);
				MARKETING_VERSION = 1.0;
				PRODUCT_BUNDLE_IDENTIFIER = com.soft.andy.SwiftUIStudyFive;
				PRODUCT_NAME = "$(TARGET_NAME)";
				SWIFT_EMIT_LOC_STRINGS = YES;
				SWIFT_VERSION = 5.0;
				TARGETED_DEVICE_FAMILY = "1,2";
			};
			name = Release;
		};
		A1511B012C37EC560069DF73 /* Debug */ = {
			isa = XCBuildConfiguration;
			buildSettings = {
				ALWAYS_EMBED_SWIFT_STANDARD_LIBRARIES = YES;
				BUNDLE_LOADER = "$(TEST_HOST)";
				CODE_SIGN_STYLE = Automatic;
				CURRENT_PROJECT_VERSION = 1;
				GENERATE_INFOPLIST_FILE = YES;
				IPHONEOS_DEPLOYMENT_TARGET = 16.2;
				MARKETING_VERSION = 1.0;
				PRODUCT_BUNDLE_IDENTIFIER = com.soft.andy.SwiftUIStudyFiveTests;
				PRODUCT_NAME = "$(TARGET_NAME)";
				SWIFT_EMIT_LOC_STRINGS = NO;
				SWIFT_VERSION = 5.0;
				TARGETED_DEVICE_FAMILY = "1,2";
				TEST_HOST = "$(BUILT_PRODUCTS_DIR)/SwiftUIStudyFive.app/$(BUNDLE_EXECUTABLE_FOLDER_PATH)/SwiftUIStudyFive";
			};
			name = Debug;
		};
		A1511B022C37EC560069DF73 /* Release */ = {
			isa = XCBuildConfiguration;
			buildSettings = {
				ALWAYS_EMBED_SWIFT_STANDARD_LIBRARIES = YES;
				BUNDLE_LOADER = "$(TEST_HOST)";
				CODE_SIGN_STYLE = Automatic;
				CURRENT_PROJECT_VERSION = 1;
				GENERATE_INFOPLIST_FILE = YES;
				IPHONEOS_DEPLOYMENT_TARGET = 16.2;
				MARKETING_VERSION = 1.0;
				PRODUCT_BUNDLE_IDENTIFIER = com.soft.andy.SwiftUIStudyFiveTests;
				PRODUCT_NAME = "$(TARGET_NAME)";
				SWIFT_EMIT_LOC_STRINGS = NO;
				SWIFT_VERSION = 5.0;
				TARGETED_DEVICE_FAMILY = "1,2";
				TEST_HOST = "$(BUILT_PRODUCTS_DIR)/SwiftUIStudyFive.app/$(BUNDLE_EXECUTABLE_FOLDER_PATH)/SwiftUIStudyFive";
			};
			name = Release;
		};
		A1511B042C37EC560069DF73 /* Debug */ = {
			isa = XCBuildConfiguration;
			buildSettings = {
				ALWAYS_EMBED_SWIFT_STANDARD_LIBRARIES = YES;
				CODE_SIGN_STYLE = Automatic;
				CURRENT_PROJECT_VERSION = 1;
				GENERATE_INFOPLIST_FILE = YES;
				MARKETING_VERSION = 1.0;
				PRODUCT_BUNDLE_IDENTIFIER = com.soft.andy.SwiftUIStudyFiveUITests;
				PRODUCT_NAME = "$(TARGET_NAME)";
				SWIFT_EMIT_LOC_STRINGS = NO;
				SWIFT_VERSION = 5.0;
				TARGETED_DEVICE_FAMILY = "1,2";
				TEST_TARGET_NAME = SwiftUIStudyFive;
			};
			name = Debug;
		};
		A1511B052C37EC560069DF73 /* Release */ = {
			isa = XCBuildConfiguration;
			buildSettings = {
				ALWAYS_EMBED_SWIFT_STANDARD_LIBRARIES = YES;
				CODE_SIGN_STYLE = Automatic;
				CURRENT_PROJECT_VERSION = 1;
				GENERATE_INFOPLIST_FILE = YES;
				MARKETING_VERSION = 1.0;
				PRODUCT_BUNDLE_IDENTIFIER = com.soft.andy.SwiftUIStudyFiveUITests;
				PRODUCT_NAME = "$(TARGET_NAME)";
				SWIFT_EMIT_LOC_STRINGS = NO;
				SWIFT_VERSION = 5.0;
				TARGETED_DEVICE_FAMILY = "1,2";
				TEST_TARGET_NAME = SwiftUIStudyFive;
			};
			name = Release;
		};
/* End XCBuildConfiguration section */

/* Begin XCConfigurationList section */
		A1511AD42C37EC530069DF73 /* Build configuration list for PBXProject "SwiftUIStudyFive" */ = {
			isa = XCConfigurationList;
			buildConfigurations = (
				A1511AFB2C37EC560069DF73 /* Debug */,
				A1511AFC2C37EC560069DF73 /* Release */,
			);
			defaultConfigurationIsVisible = 0;
			defaultConfigurationName = Release;
		};
		A1511AFD2C37EC560069DF73 /* Build configuration list for PBXNativeTarget "SwiftUIStudyFive" */ = {
			isa = XCConfigurationList;
			buildConfigurations = (
				A1511AFE2C37EC560069DF73 /* Debug */,
				A1511AFF2C37EC560069DF73 /* Release */,
			);
			defaultConfigurationIsVisible = 0;
			defaultConfigurationName = Release;
		};
		A1511B002C37EC560069DF73 /* Build configuration list for PBXNativeTarget "SwiftUIStudyFiveTests" */ = {
			isa = XCConfigurationList;
			buildConfigurations = (
				A1511B012C37EC560069DF73 /* Debug */,
				A1511B022C37EC560069DF73 /* Release */,
			);
			defaultConfigurationIsVisible = 0;
			defaultConfigurationName = Release;
		};
		A1511B032C37EC560069DF73 /* Build configuration list for PBXNativeTarget "SwiftUIStudyFiveUITests" */ = {
			isa = XCConfigurationList;
			buildConfigurations = (
				A1511B042C37EC560069DF73 /* Debug */,
				A1511B052C37EC560069DF73 /* Release */,
			);
			defaultConfigurationIsVisible = 0;
			defaultConfigurationName = Release;
		};
/* End XCConfigurationList section */
	};
	rootObject = A1511AD12C37EC530069DF73 /* Project object */;
}
